
Microsoft Visual Studio Solution File, Format Version 12.00
# Visual Studio Version 16
VisualStudioVersion = 16.0.31702.278
MinimumVisualStudioVersion = 10.0.40219.1
Project("{FAE04EC0-301F-11D3-BF4B-00C04F79EFBC}") = "ADONETProba202249B", "ADONETProba202249B.csproj", "{89D64FF5-4C2A-4382-B143-EA7932CFEEBD}"
EndProject
Global
	GlobalSection(SolutionConfigurationPlatforms) = preSolution
		Debug|Any CPU = Debug|Any CPU
		Release|Any CPU = Release|Any CPU
	EndGlobalSection
	GlobalSection(ProjectConfigurationPlatforms) = postSolution
		{89D64FF5-4C2A-4382-B143-EA7932CFEEBD}.Debug|Any CPU.ActiveCfg = Debug|Any CPU
		{89D64FF5-4C2A-4382-B143-EA7932CFEEBD}.Debug|Any CPU.Build.0 = Debug|Any CPU
		{89D64FF5-4C2A-4382-B143-EA7932CFEEBD}.Release|Any CPU.ActiveCfg = Release|Any CPU
		{89D64FF5-4C2A-4382-B143-EA7932CFEEBD}.Release|Any CPU.Build.0 = Release|Any CPU
	EndGlobalSection
	GlobalSection(SolutionProperties) = preSolution
		HideSolutionNode = FALSE
	EndGlobalSection
	GlobalSection(ExtensibilityGlobals) = postSolution
		SolutionGuid = {809F010C-B1F1-40B8-BC41-A7B74F40685C}
	EndGlobalSection
EndGlobal
